
Microsoft Visual Studio Solution File, Format Version 12.00
# Visual Studio Version 18
VisualStudioVersion = 18.1.11312.151
MinimumVisualStudioVersion = 10.0.40219.1
Project("{9A19103F-16F7-4668-BE54-9A1E7A4F7556}") = "CheckNugetPackages.DotNetCliTool", "CheckNugetPackages.DotNetCliTool\CheckNugetPackages.DotNetCliTool.csproj", "{FB13B063-1915-4C6F-AA7C-072A7AC829E3}"
EndProject
Project("{9A19103F-16F7-4668-BE54-9A1E7A4F7556}") = "CheckNpmPackages.DotNetCliTool", "CheckNpmPackages.DotNetCliTool\CheckNpmPackages.DotNetCliTool.csproj", "{D473E5DC-192E-41C1-8F2D-E27EBE9258BB}"
EndProject
Project("{FAE04EC0-301F-11D3-BF4B-00C04F79EFBC}") = "CheckNugetPackages.DotNetMcpTool", "CheckNugetPackages.DotNetMcpTool\CheckNugetPackages.DotNetMcpTool.csproj", "{AA84DFF5-129A-4ACC-8764-B2EF80BDD5DE}"
EndProject
Project("{FAE04EC0-301F-11D3-BF4B-00C04F79EFBC}") = "CheckNugetPackages", "CheckNugetPackages\CheckNugetPackages.csproj", "{B21A549D-10AF-4373-B404-F939473CDDEB}"
EndProject
Project("{FAE04EC0-301F-11D3-BF4B-00C04F79EFBC}") = "CheckNpmPackages", "CheckNpmPackages\CheckNpmPackages.csproj", "{1525F5A2-63D2-49C9-8829-9049388B2D0A}"
EndProject
Project("{2150E333-8FDC-42A3-9474-1A3956D46DE8}") = "Npm", "Npm", "{60744EBA-E6D8-4BA0-934F-8C7CFB9C284B}"
EndProject
Project("{2150E333-8FDC-42A3-9474-1A3956D46DE8}") = "Nuget", "Nuget", "{F5DE7596-02A5-435C-B8A9-9BBF43E5A355}"
EndProject
Project("{2150E333-8FDC-42A3-9474-1A3956D46DE8}") = "Solution Items", "Solution Items", "{26C10865-1BAB-4413-A7E4-9E028448B81C}"
	ProjectSection(SolutionItems) = preProject
		Directory.Build.props = Directory.Build.props
		notes.txt = notes.txt
	EndProjectSection
EndProject
Project("{FAE04EC0-301F-11D3-BF4B-00C04F79EFBC}") = "CheckNpmPackages.Tests", "CheckNpmPackages.Tests\CheckNpmPackages.Tests.csproj", "{DCED971D-673F-701E-CE69-879F19EEDF41}"
EndProject
Project("{FAE04EC0-301F-11D3-BF4B-00C04F79EFBC}") = "CheckNugetPackages.Tests", "CheckNugetPackages.Tests\CheckNugetPackages.Tests.csproj", "{1C8DFDFD-BF38-6822-7977-22DA12C53954}"
EndProject
Project("{FAE04EC0-301F-11D3-BF4B-00C04F79EFBC}") = "CheckNpmPackages.DotNetMcpTool", "CheckNpmPackages.DotNetMcpTool\CheckNpmPackages.DotNetMcpTool.csproj", "{5980E852-7DBB-4FD8-A704-4ABB56BF4B15}"
EndProject
Global
	GlobalSection(SolutionConfigurationPlatforms) = preSolution
		Debug|Any CPU = Debug|Any CPU
		Debug|x64 = Debug|x64
		Debug|x86 = Debug|x86
		Release|Any CPU = Release|Any CPU
		Release|x64 = Release|x64
		Release|x86 = Release|x86
	EndGlobalSection
	GlobalSection(ProjectConfigurationPlatforms) = postSolution
		{FB13B063-1915-4C6F-AA7C-072A7AC829E3}.Debug|Any CPU.ActiveCfg = Debug|Any CPU
		{FB13B063-1915-4C6F-AA7C-072A7AC829E3}.Debug|Any CPU.Build.0 = Debug|Any CPU
		{FB13B063-1915-4C6F-AA7C-072A7AC829E3}.Debug|x64.ActiveCfg = Debug|Any CPU
		{FB13B063-1915-4C6F-AA7C-072A7AC829E3}.Debug|x64.Build.0 = Debug|Any CPU
		{FB13B063-1915-4C6F-AA7C-072A7AC829E3}.Debug|x86.ActiveCfg = Debug|Any CPU
		{FB13B063-1915-4C6F-AA7C-072A7AC829E3}.Debug|x86.Build.0 = Debug|Any CPU
		{FB13B063-1915-4C6F-AA7C-072A7AC829E3}.Release|Any CPU.ActiveCfg = Release|Any CPU
		{FB13B063-1915-4C6F-AA7C-072A7AC829E3}.Release|Any CPU.Build.0 = Release|Any CPU
		{FB13B063-1915-4C6F-AA7C-072A7AC829E3}.Release|x64.ActiveCfg = Release|Any CPU
		{FB13B063-1915-4C6F-AA7C-072A7AC829E3}.Release|x64.Build.0 = Release|Any CPU
		{FB13B063-1915-4C6F-AA7C-072A7AC829E3}.Release|x86.ActiveCfg = Release|Any CPU
		{FB13B063-1915-4C6F-AA7C-072A7AC829E3}.Release|x86.Build.0 = Release|Any CPU
		{D473E5DC-192E-41C1-8F2D-E27EBE9258BB}.Debug|Any CPU.ActiveCfg = Debug|Any CPU
		{D473E5DC-192E-41C1-8F2D-E27EBE9258BB}.Debug|Any CPU.Build.0 = Debug|Any CPU
		{D473E5DC-192E-41C1-8F2D-E27EBE9258BB}.Debug|x64.ActiveCfg = Debug|Any CPU
		{D473E5DC-192E-41C1-8F2D-E27EBE9258BB}.Debug|x64.Build.0 = Debug|Any CPU
		{D473E5DC-192E-41C1-8F2D-E27EBE9258BB}.Debug|x86.ActiveCfg = Debug|Any CPU
		{D473E5DC-192E-41C1-8F2D-E27EBE9258BB}.Debug|x86.Build.0 = Debug|Any CPU
		{D473E5DC-192E-41C1-8F2D-E27EBE9258BB}.Release|Any CPU.ActiveCfg = Release|Any CPU
		{D473E5DC-192E-41C1-8F2D-E27EBE9258BB}.Release|Any CPU.Build.0 = Release|Any CPU
		{D473E5DC-192E-41C1-8F2D-E27EBE9258BB}.Release|x64.ActiveCfg = Release|Any CPU
		{D473E5DC-192E-41C1-8F2D-E27EBE9258BB}.Release|x64.Build.0 = Release|Any CPU
		{D473E5DC-192E-41C1-8F2D-E27EBE9258BB}.Release|x86.ActiveCfg = Release|Any CPU
		{D473E5DC-192E-41C1-8F2D-E27EBE9258BB}.Release|x86.Build.0 = Release|Any CPU
		{AA84DFF5-129A-4ACC-8764-B2EF80BDD5DE}.Debug|Any CPU.ActiveCfg = Debug|Any CPU
		{AA84DFF5-129A-4ACC-8764-B2EF80BDD5DE}.Debug|Any CPU.Build.0 = Debug|Any CPU
		{AA84DFF5-129A-4ACC-8764-B2EF80BDD5DE}.Debug|x64.ActiveCfg = Debug|Any CPU
		{AA84DFF5-129A-4ACC-8764-B2EF80BDD5DE}.Debug|x64.Build.0 = Debug|Any CPU
		{AA84DFF5-129A-4ACC-8764-B2EF80BDD5DE}.Debug|x86.ActiveCfg = Debug|Any CPU
		{AA84DFF5-129A-4ACC-8764-B2EF80BDD5DE}.Debug|x86.Build.0 = Debug|Any CPU
		{AA84DFF5-129A-4ACC-8764-B2EF80BDD5DE}.Release|Any CPU.ActiveCfg = Release|Any CPU
		{AA84DFF5-129A-4ACC-8764-B2EF80BDD5DE}.Release|Any CPU.Build.0 = Release|Any CPU
		{AA84DFF5-129A-4ACC-8764-B2EF80BDD5DE}.Release|x64.ActiveCfg = Release|Any CPU
		{AA84DFF5-129A-4ACC-8764-B2EF80BDD5DE}.Release|x64.Build.0 = Release|Any CPU
		{AA84DFF5-129A-4ACC-8764-B2EF80BDD5DE}.Release|x86.ActiveCfg = Release|Any CPU
		{AA84DFF5-129A-4ACC-8764-B2EF80BDD5DE}.Release|x86.Build.0 = Release|Any CPU
		{B21A549D-10AF-4373-B404-F939473CDDEB}.Debug|Any CPU.ActiveCfg = Debug|Any CPU
		{B21A549D-10AF-4373-B404-F939473CDDEB}.Debug|Any CPU.Build.0 = Debug|Any CPU
		{B21A549D-10AF-4373-B404-F939473CDDEB}.Debug|x64.ActiveCfg = Debug|Any CPU
		{B21A549D-10AF-4373-B404-F939473CDDEB}.Debug|x64.Build.0 = Debug|Any CPU
		{B21A549D-10AF-4373-B404-F939473CDDEB}.Debug|x86.ActiveCfg = Debug|Any CPU
		{B21A549D-10AF-4373-B404-F939473CDDEB}.Debug|x86.Build.0 = Debug|Any CPU
		{B21A549D-10AF-4373-B404-F939473CDDEB}.Release|Any CPU.ActiveCfg = Release|Any CPU
		{B21A549D-10AF-4373-B404-F939473CDDEB}.Release|Any CPU.Build.0 = Release|Any CPU
		{B21A549D-10AF-4373-B404-F939473CDDEB}.Release|x64.ActiveCfg = Release|Any CPU
		{B21A549D-10AF-4373-B404-F939473CDDEB}.Release|x64.Build.0 = Release|Any CPU
		{B21A549D-10AF-4373-B404-F939473CDDEB}.Release|x86.ActiveCfg = Release|Any CPU
		{B21A549D-10AF-4373-B404-F939473CDDEB}.Release|x86.Build.0 = Release|Any CPU
		{1525F5A2-63D2-49C9-8829-9049388B2D0A}.Debug|Any CPU.ActiveCfg = Debug|Any CPU
		{1525F5A2-63D2-49C9-8829-9049388B2D0A}.Debug|Any CPU.Build.0 = Debug|Any CPU
		{1525F5A2-63D2-49C9-8829-9049388B2D0A}.Debug|x64.ActiveCfg = Debug|Any CPU
		{1525F5A2-63D2-49C9-8829-9049388B2D0A}.Debug|x64.Build.0 = Debug|Any CPU
		{1525F5A2-63D2-49C9-8829-9049388B2D0A}.Debug|x86.ActiveCfg = Debug|Any CPU
		{1525F5A2-63D2-49C9-8829-9049388B2D0A}.Debug|x86.Build.0 = Debug|Any CPU
		{1525F5A2-63D2-49C9-8829-9049388B2D0A}.Release|Any CPU.ActiveCfg = Release|Any CPU
		{1525F5A2-63D2-49C9-8829-9049388B2D0A}.Release|Any CPU.Build.0 = Release|Any CPU
		{1525F5A2-63D2-49C9-8829-9049388B2D0A}.Release|x64.ActiveCfg = Release|Any CPU
		{1525F5A2-63D2-49C9-8829-9049388B2D0A}.Release|x64.Build.0 = Release|Any CPU
		{1525F5A2-63D2-49C9-8829-9049388B2D0A}.Release|x86.ActiveCfg = Release|Any CPU
		{1525F5A2-63D2-49C9-8829-9049388B2D0A}.Release|x86.Build.0 = Release|Any CPU
		{DCED971D-673F-701E-CE69-879F19EEDF41}.Debug|Any CPU.ActiveCfg = Debug|Any CPU
		{DCED971D-673F-701E-CE69-879F19EEDF41}.Debug|Any CPU.Build.0 = Debug|Any CPU
		{DCED971D-673F-701E-CE69-879F19EEDF41}.Debug|x64.ActiveCfg = Debug|Any CPU
		{DCED971D-673F-701E-CE69-879F19EEDF41}.Debug|x64.Build.0 = Debug|Any CPU
		{DCED971D-673F-701E-CE69-879F19EEDF41}.Debug|x86.ActiveCfg = Debug|Any CPU
		{DCED971D-673F-701E-CE69-879F19EEDF41}.Debug|x86.Build.0 = Debug|Any CPU
		{DCED971D-673F-701E-CE69-879F19EEDF41}.Release|Any CPU.ActiveCfg = Release|Any CPU
		{DCED971D-673F-701E-CE69-879F19EEDF41}.Release|Any CPU.Build.0 = Release|Any CPU
		{DCED971D-673F-701E-CE69-879F19EEDF41}.Release|x64.ActiveCfg = Release|Any CPU
		{DCED971D-673F-701E-CE69-879F19EEDF41}.Release|x64.Build.0 = Release|Any CPU
		{DCED971D-673F-701E-CE69-879F19EEDF41}.Release|x86.ActiveCfg = Release|Any CPU
		{DCED971D-673F-701E-CE69-879F19EEDF41}.Release|x86.Build.0 = Release|Any CPU
		{1C8DFDFD-BF38-6822-7977-22DA12C53954}.Debug|Any CPU.ActiveCfg = Debug|Any CPU
		{1C8DFDFD-BF38-6822-7977-22DA12C53954}.Debug|Any CPU.Build.0 = Debug|Any CPU
		{1C8DFDFD-BF38-6822-7977-22DA12C53954}.Debug|x64.ActiveCfg = Debug|Any CPU
		{1C8DFDFD-BF38-6822-7977-22DA12C53954}.Debug|x64.Build.0 = Debug|Any CPU
		{1C8DFDFD-BF38-6822-7977-22DA12C53954}.Debug|x86.ActiveCfg = Debug|Any CPU
		{1C8DFDFD-BF38-6822-7977-22DA12C53954}.Debug|x86.Build.0 = Debug|Any CPU
		{1C8DFDFD-BF38-6822-7977-22DA12C53954}.Release|Any CPU.ActiveCfg = Release|Any CPU
		{1C8DFDFD-BF38-6822-7977-22DA12C53954}.Release|Any CPU.Build.0 = Release|Any CPU
		{1C8DFDFD-BF38-6822-7977-22DA12C53954}.Release|x64.ActiveCfg = Release|Any CPU
		{1C8DFDFD-BF38-6822-7977-22DA12C53954}.Release|x64.Build.0 = Release|Any CPU
		{1C8DFDFD-BF38-6822-7977-22DA12C53954}.Release|x86.ActiveCfg = Release|Any CPU
		{1C8DFDFD-BF38-6822-7977-22DA12C53954}.Release|x86.Build.0 = Release|Any CPU
		{5980E852-7DBB-4FD8-A704-4ABB56BF4B15}.Debug|Any CPU.ActiveCfg = Debug|Any CPU
		{5980E852-7DBB-4FD8-A704-4ABB56BF4B15}.Debug|Any CPU.Build.0 = Debug|Any CPU
		{5980E852-7DBB-4FD8-A704-4ABB56BF4B15}.Debug|x64.ActiveCfg = Debug|Any CPU
		{5980E852-7DBB-4FD8-A704-4ABB56BF4B15}.Debug|x64.Build.0 = Debug|Any CPU
		{5980E852-7DBB-4FD8-A704-4ABB56BF4B15}.Debug|x86.ActiveCfg = Debug|Any CPU
		{5980E852-7DBB-4FD8-A704-4ABB56BF4B15}.Debug|x86.Build.0 = Debug|Any CPU
		{5980E852-7DBB-4FD8-A704-4ABB56BF4B15}.Release|Any CPU.ActiveCfg = Release|Any CPU
		{5980E852-7DBB-4FD8-A704-4ABB56BF4B15}.Release|Any CPU.Build.0 = Release|Any CPU
		{5980E852-7DBB-4FD8-A704-4ABB56BF4B15}.Release|x64.ActiveCfg = Release|Any CPU
		{5980E852-7DBB-4FD8-A704-4ABB56BF4B15}.Release|x64.Build.0 = Release|Any CPU
		{5980E852-7DBB-4FD8-A704-4ABB56BF4B15}.Release|x86.ActiveCfg = Release|Any CPU
		{5980E852-7DBB-4FD8-A704-4ABB56BF4B15}.Release|x86.Build.0 = Release|Any CPU
	EndGlobalSection
	GlobalSection(SolutionProperties) = preSolution
		HideSolutionNode = FALSE
	EndGlobalSection
	GlobalSection(NestedProjects) = preSolution
		{FB13B063-1915-4C6F-AA7C-072A7AC829E3} = {F5DE7596-02A5-435C-B8A9-9BBF43E5A355}
		{D473E5DC-192E-41C1-8F2D-E27EBE9258BB} = {60744EBA-E6D8-4BA0-934F-8C7CFB9C284B}
		{AA84DFF5-129A-4ACC-8764-B2EF80BDD5DE} = {F5DE7596-02A5-435C-B8A9-9BBF43E5A355}
		{B21A549D-10AF-4373-B404-F939473CDDEB} = {F5DE7596-02A5-435C-B8A9-9BBF43E5A355}
		{1525F5A2-63D2-49C9-8829-9049388B2D0A} = {60744EBA-E6D8-4BA0-934F-8C7CFB9C284B}
		{DCED971D-673F-701E-CE69-879F19EEDF41} = {60744EBA-E6D8-4BA0-934F-8C7CFB9C284B}
		{1C8DFDFD-BF38-6822-7977-22DA12C53954} = {F5DE7596-02A5-435C-B8A9-9BBF43E5A355}
		{5980E852-7DBB-4FD8-A704-4ABB56BF4B15} = {60744EBA-E6D8-4BA0-934F-8C7CFB9C284B}
	EndGlobalSection
	GlobalSection(ExtensibilityGlobals) = postSolution
		SolutionGuid = {C2C7166C-6422-43BA-8EED-ED72DB26DE96}
	EndGlobalSection
EndGlobal
